
Microsoft Visual Studio Solution File, Format Version 12.00
# Visual Studio Version 16
VisualStudioVersion = 16.0.29920.165
MinimumVisualStudioVersion = 10.0.40219.1
Project("{FAE04EC0-301F-11D3-BF4B-00C04F79EFBC}") = "dockertraining_compose_aorozco", "dockertraining_compose_aorozco\dockertraining_compose_aorozco.csproj", "{07D6FCBD-63E4-4D79-8802-84294DA714CB}"
EndProject
Global
	GlobalSection(SolutionConfigurationPlatforms) = preSolution
		Debug|Any CPU = Debug|Any CPU
		Release|Any CPU = Release|Any CPU
	EndGlobalSection
	GlobalSection(ProjectConfigurationPlatforms) = postSolution
		{07D6FCBD-63E4-4D79-8802-84294DA714CB}.Debug|Any CPU.ActiveCfg = Debug|Any CPU
		{07D6FCBD-63E4-4D79-8802-84294DA714CB}.Debug|Any CPU.Build.0 = Debug|Any CPU
		{07D6FCBD-63E4-4D79-8802-84294DA714CB}.Release|Any CPU.ActiveCfg = Release|Any CPU
		{07D6FCBD-63E4-4D79-8802-84294DA714CB}.Release|Any CPU.Build.0 = Release|Any CPU
	EndGlobalSection
	GlobalSection(SolutionProperties) = preSolution
		HideSolutionNode = FALSE
	EndGlobalSection
	GlobalSection(ExtensibilityGlobals) = postSolution
		SolutionGuid = {24EA35BA-9343-4F7E-96BE-37F9B04B0A54}
	EndGlobalSection
EndGlobal
